// !$*UTF8*$!
{
	archiveVersion = 1;
	classes = {
	};
	objectVersion = 46;
	objects = {

/* Begin PBXBuildFile section */
		CE22D30E14897F8000E5973F /* IndexedTableViewController.m in Sources */ = {isa = PBXBuildFile; fileRef = CE22D30D14897F8000E5973F /* IndexedTableViewController.m */; };
		CE22D30F14897F8000E5973F /* IndexedTableViewController.m in Sources */ = {isa = PBXBuildFile; fileRef = CE22D30D14897F8000E5973F /* IndexedTableViewController.m */; };
		CE50C14214A48C5C00D2E083 /* SplitViewController.m in Sources */ = {isa = PBXBuildFile; fileRef = CE50C14114A48C5B00D2E083 /* SplitViewController.m */; };
		CE50C14314A48C5C00D2E083 /* SplitViewController.m in Sources */ = {isa = PBXBuildFile; fileRef = CE50C14114A48C5B00D2E083 /* SplitViewController.m */; };
		CE50C14414A48C5C00D2E083 /* SplitViewController.m in Sources */ = {isa = PBXBuildFile; fileRef = CE50C14114A48C5B00D2E083 /* SplitViewController.m */; };
		CE553793147B53C100C20686 /* PictureListTableViewController.m in Sources */ = {isa = PBXBuildFile; fileRef = CE553792147B53C100C20686 /* PictureListTableViewController.m */; };
		CE553794147B53C100C20686 /* PictureListTableViewController.m in Sources */ = {isa = PBXBuildFile; fileRef = CE553792147B53C100C20686 /* PictureListTableViewController.m */; };
		CE5FE1E514A050F300BB682C /* AppDelegateTests.m in Sources */ = {isa = PBXBuildFile; fileRef = CE5FE1E414A050F300BB682C /* AppDelegateTests.m */; };
		CE5FE1E814A073E900BB682C /* TabBarControllerTests.m in Sources */ = {isa = PBXBuildFile; fileRef = CE5FE1E714A073E900BB682C /* TabBarControllerTests.m */; };
		CE5FE1F014A0759200BB682C /* TopPlacesTableViewController.m in Sources */ = {isa = PBXBuildFile; fileRef = CE5FE1EF14A0759200BB682C /* TopPlacesTableViewController.m */; };
		CE5FE1F114A0759200BB682C /* TopPlacesTableViewController.m in Sources */ = {isa = PBXBuildFile; fileRef = CE5FE1EF14A0759200BB682C /* TopPlacesTableViewController.m */; };
		CE5FE1F214A0759200BB682C /* TopPlacesTableViewController.m in Sources */ = {isa = PBXBuildFile; fileRef = CE5FE1EF14A0759200BB682C /* TopPlacesTableViewController.m */; };
		CE6FB264148993B400DA2A1D /* RefinedElementForPictureList.m in Sources */ = {isa = PBXBuildFile; fileRef = CE6FB263148993B400DA2A1D /* RefinedElementForPictureList.m */; };
		CE6FB265148993B400DA2A1D /* RefinedElementForPictureList.m in Sources */ = {isa = PBXBuildFile; fileRef = CE6FB263148993B400DA2A1D /* RefinedElementForPictureList.m */; };
		CE6FB26A148993C600DA2A1D /* RefinedElementForPlaces.m in Sources */ = {isa = PBXBuildFile; fileRef = CE6FB269148993C600DA2A1D /* RefinedElementForPlaces.m */; };
		CE6FB26B148993C600DA2A1D /* RefinedElementForPlaces.m in Sources */ = {isa = PBXBuildFile; fileRef = CE6FB269148993C600DA2A1D /* RefinedElementForPlaces.m */; };
		CE6FB26F148993F900DA2A1D /* RefinedElement.m in Sources */ = {isa = PBXBuildFile; fileRef = CE6FB26E148993F900DA2A1D /* RefinedElement.m */; };
		CE6FB270148993F900DA2A1D /* RefinedElement.m in Sources */ = {isa = PBXBuildFile; fileRef = CE6FB26E148993F900DA2A1D /* RefinedElement.m */; };
		CE80988C147738290067AAC2 /* UIKit.framework in Frameworks */ = {isa = PBXBuildFile; fileRef = CE80988B147738290067AAC2 /* UIKit.framework */; };
		CE80988E147738290067AAC2 /* Foundation.framework in Frameworks */ = {isa = PBXBuildFile; fileRef = CE80988D147738290067AAC2 /* Foundation.framework */; };
		CE809890147738290067AAC2 /* CoreGraphics.framework in Frameworks */ = {isa = PBXBuildFile; fileRef = CE80988F147738290067AAC2 /* CoreGraphics.framework */; };
		CE8098961477382A0067AAC2 /* InfoPlist.strings in Resources */ = {isa = PBXBuildFile; fileRef = CE809894147738290067AAC2 /* InfoPlist.strings */; };
		CE8098981477382A0067AAC2 /* main.m in Sources */ = {isa = PBXBuildFile; fileRef = CE8098971477382A0067AAC2 /* main.m */; };
		CE80989C1477382A0067AAC2 /* AppDelegate.m in Sources */ = {isa = PBXBuildFile; fileRef = CE80989B1477382A0067AAC2 /* AppDelegate.m */; };
		CE8098A41477382A0067AAC2 /* SenTestingKit.framework in Frameworks */ = {isa = PBXBuildFile; fileRef = CE8098A31477382A0067AAC2 /* SenTestingKit.framework */; };
		CE8098A51477382A0067AAC2 /* UIKit.framework in Frameworks */ = {isa = PBXBuildFile; fileRef = CE80988B147738290067AAC2 /* UIKit.framework */; };
		CE8098A61477382A0067AAC2 /* Foundation.framework in Frameworks */ = {isa = PBXBuildFile; fileRef = CE80988D147738290067AAC2 /* Foundation.framework */; };
		CE8098AE1477382A0067AAC2 /* InfoPlist.strings in Resources */ = {isa = PBXBuildFile; fileRef = CE8098AC1477382A0067AAC2 /* InfoPlist.strings */; };
		CE8098D7147739E80067AAC2 /* FlickrDataSource.m in Sources */ = {isa = PBXBuildFile; fileRef = CE8098BE147739E80067AAC2 /* FlickrDataSource.m */; };
		CE8098D8147739E80067AAC2 /* FlickrDataSource.m in Sources */ = {isa = PBXBuildFile; fileRef = CE8098BE147739E80067AAC2 /* FlickrDataSource.m */; };
		CE8098D9147739E80067AAC2 /* FlickrFetcher.m in Sources */ = {isa = PBXBuildFile; fileRef = CE8098C0147739E80067AAC2 /* FlickrFetcher.m */; };
		CE8098DA147739E80067AAC2 /* FlickrFetcher.m in Sources */ = {isa = PBXBuildFile; fileRef = CE8098C0147739E80067AAC2 /* FlickrFetcher.m */; };
		CE8098DB147739E80067AAC2 /* NSObject+SBJSON.m in Sources */ = {isa = PBXBuildFile; fileRef = CE8098C4147739E80067AAC2 /* NSObject+SBJSON.m */; };
		CE8098DC147739E80067AAC2 /* NSObject+SBJSON.m in Sources */ = {isa = PBXBuildFile; fileRef = CE8098C4147739E80067AAC2 /* NSObject+SBJSON.m */; };
		CE8098DD147739E80067AAC2 /* NSString+SBJSON.m in Sources */ = {isa = PBXBuildFile; fileRef = CE8098C6147739E80067AAC2 /* NSString+SBJSON.m */; };
		CE8098DE147739E80067AAC2 /* NSString+SBJSON.m in Sources */ = {isa = PBXBuildFile; fileRef = CE8098C6147739E80067AAC2 /* NSString+SBJSON.m */; };
		CE8098DF147739E80067AAC2 /* SBJSON.m in Sources */ = {isa = PBXBuildFile; fileRef = CE8098C8147739E80067AAC2 /* SBJSON.m */; };
		CE8098E0147739E80067AAC2 /* SBJSON.m in Sources */ = {isa = PBXBuildFile; fileRef = CE8098C8147739E80067AAC2 /* SBJSON.m */; };
		CE8098E1147739E80067AAC2 /* SBJsonBase.m in Sources */ = {isa = PBXBuildFile; fileRef = CE8098CA147739E80067AAC2 /* SBJsonBase.m */; };
		CE8098E2147739E80067AAC2 /* SBJsonBase.m in Sources */ = {isa = PBXBuildFile; fileRef = CE8098CA147739E80067AAC2 /* SBJsonBase.m */; };
		CE8098E3147739E80067AAC2 /* SBJsonParser.m in Sources */ = {isa = PBXBuildFile; fileRef = CE8098CC147739E80067AAC2 /* SBJsonParser.m */; };
		CE8098E4147739E80067AAC2 /* SBJsonParser.m in Sources */ = {isa = PBXBuildFile; fileRef = CE8098CC147739E80067AAC2 /* SBJsonParser.m */; };
		CE8098E5147739E80067AAC2 /* SBJsonWriter.m in Sources */ = {isa = PBXBuildFile; fileRef = CE8098CE147739E80067AAC2 /* SBJsonWriter.m */; };
		CE8098E6147739E80067AAC2 /* SBJsonWriter.m in Sources */ = {isa = PBXBuildFile; fileRef = CE8098CE147739E80067AAC2 /* SBJsonWriter.m */; };
		CE8098E7147739E80067AAC2 /* ScrollableImageViewController.m in Sources */ = {isa = PBXBuildFile; fileRef = CE8098D0147739E80067AAC2 /* ScrollableImageViewController.m */; };
		CE8098E8147739E80067AAC2 /* ScrollableImageViewController.m in Sources */ = {isa = PBXBuildFile; fileRef = CE8098D0147739E80067AAC2 /* ScrollableImageViewController.m */; };
		CE8098E9147739E80067AAC2 /* TabBarController.m in Sources */ = {isa = PBXBuildFile; fileRef = CE8098D2147739E80067AAC2 /* TabBarController.m */; };
		CE8098EA147739E80067AAC2 /* TabBarController.m in Sources */ = {isa = PBXBuildFile; fileRef = CE8098D2147739E80067AAC2 /* TabBarController.m */; };
		CE8098F614773EE60067AAC2 /* SenTestingKit.framework in Frameworks */ = {isa = PBXBuildFile; fileRef = CE8098A31477382A0067AAC2 /* SenTestingKit.framework */; };
		CE8098F714773EE60067AAC2 /* UIKit.framework in Frameworks */ = {isa = PBXBuildFile; fileRef = CE80988B147738290067AAC2 /* UIKit.framework */; };
		CE8098F814773EE60067AAC2 /* Foundation.framework in Frameworks */ = {isa = PBXBuildFile; fileRef = CE80988D147738290067AAC2 /* Foundation.framework */; };
		CE8098FE14773EE60067AAC2 /* InfoPlist.strings in Resources */ = {isa = PBXBuildFile; fileRef = CE8098FC14773EE60067AAC2 /* InfoPlist.strings */; };
		CE80992D147779580067AAC2 /* MostRecentTableViewController.m in Sources */ = {isa = PBXBuildFile; fileRef = CE80992C147779580067AAC2 /* MostRecentTableViewController.m */; };
		CE80992E147779580067AAC2 /* MostRecentTableViewController.m in Sources */ = {isa = PBXBuildFile; fileRef = CE80992C147779580067AAC2 /* MostRecentTableViewController.m */; };
		CEB4C2C41488C4AC00DDF51F /* PlaceTableViewController.m in Sources */ = {isa = PBXBuildFile; fileRef = CEB4C2C31488C4AC00DDF51F /* PlaceTableViewController.m */; };
		CEB4C2C51488C4AC00DDF51F /* PlaceTableViewController.m in Sources */ = {isa = PBXBuildFile; fileRef = CEB4C2C31488C4AC00DDF51F /* PlaceTableViewController.m */; };
		CECD2C9614A1A16100301E45 /* FlickrDataSourceTests.m in Sources */ = {isa = PBXBuildFile; fileRef = CECD2C9514A1A16100301E45 /* FlickrDataSourceTests.m */; };
		CEF3ADB6149C4E2800D53424 /* libOCMock.a in Frameworks */ = {isa = PBXBuildFile; fileRef = CEF3ADB5149C4E2800D53424 /* libOCMock.a */; };
		CEF3ADB7149C4E2800D53424 /* libOCMock.a in Frameworks */ = {isa = PBXBuildFile; fileRef = CEF3ADB5149C4E2800D53424 /* libOCMock.a */; };
		CEF3ADCA149C4FC600D53424 /* main.m in Sources */ = {isa = PBXBuildFile; fileRef = CE8098971477382A0067AAC2 /* main.m */; };
		CEF3ADCB149C4FC600D53424 /* AppDelegate.m in Sources */ = {isa = PBXBuildFile; fileRef = CE80989B1477382A0067AAC2 /* AppDelegate.m */; };
		CEF3ADCC149C4FC600D53424 /* FlickrDataSource.m in Sources */ = {isa = PBXBuildFile; fileRef = CE8098BE147739E80067AAC2 /* FlickrDataSource.m */; };
		CEF3ADCD149C4FC600D53424 /* FlickrFetcher.m in Sources */ = {isa = PBXBuildFile; fileRef = CE8098C0147739E80067AAC2 /* FlickrFetcher.m */; };
		CEF3ADCE149C4FC600D53424 /* NSObject+SBJSON.m in Sources */ = {isa = PBXBuildFile; fileRef = CE8098C4147739E80067AAC2 /* NSObject+SBJSON.m */; };
		CEF3ADCF149C4FC600D53424 /* NSString+SBJSON.m in Sources */ = {isa = PBXBuildFile; fileRef = CE8098C6147739E80067AAC2 /* NSString+SBJSON.m */; };
		CEF3ADD0149C4FC600D53424 /* SBJSON.m in Sources */ = {isa = PBXBuildFile; fileRef = CE8098C8147739E80067AAC2 /* SBJSON.m */; };
		CEF3ADD1149C4FC600D53424 /* SBJsonBase.m in Sources */ = {isa = PBXBuildFile; fileRef = CE8098CA147739E80067AAC2 /* SBJsonBase.m */; };
		CEF3ADD2149C4FC600D53424 /* SBJsonParser.m in Sources */ = {isa = PBXBuildFile; fileRef = CE8098CC147739E80067AAC2 /* SBJsonParser.m */; };
		CEF3ADD3149C4FC600D53424 /* SBJsonWriter.m in Sources */ = {isa = PBXBuildFile; fileRef = CE8098CE147739E80067AAC2 /* SBJsonWriter.m */; };
		CEF3ADD4149C4FC600D53424 /* ScrollableImageViewController.m in Sources */ = {isa = PBXBuildFile; fileRef = CE8098D0147739E80067AAC2 /* ScrollableImageViewController.m */; };
		CEF3ADD5149C4FC600D53424 /* TabBarController.m in Sources */ = {isa = PBXBuildFile; fileRef = CE8098D2147739E80067AAC2 /* TabBarController.m */; };
		CEF3ADD7149C4FC600D53424 /* MostRecentTableViewController.m in Sources */ = {isa = PBXBuildFile; fileRef = CE80992C147779580067AAC2 /* MostRecentTableViewController.m */; };
		CEF3ADD8149C4FC600D53424 /* PictureListTableViewController.m in Sources */ = {isa = PBXBuildFile; fileRef = CE553792147B53C100C20686 /* PictureListTableViewController.m */; };
		CEF3ADD9149C4FC600D53424 /* PlaceTableViewController.m in Sources */ = {isa = PBXBuildFile; fileRef = CEB4C2C31488C4AC00DDF51F /* PlaceTableViewController.m */; };
		CEF3ADDA149C4FC600D53424 /* IndexedTableViewController.m in Sources */ = {isa = PBXBuildFile; fileRef = CE22D30D14897F8000E5973F /* IndexedTableViewController.m */; };
		CEF3ADDB149C4FC600D53424 /* RefinedElementForPictureList.m in Sources */ = {isa = PBXBuildFile; fileRef = CE6FB263148993B400DA2A1D /* RefinedElementForPictureList.m */; };
		CEF3ADDC149C4FC600D53424 /* RefinedElementForPlaces.m in Sources */ = {isa = PBXBuildFile; fileRef = CE6FB269148993C600DA2A1D /* RefinedElementForPlaces.m */; };
		CEF3ADDD149C4FC600D53424 /* RefinedElement.m in Sources */ = {isa = PBXBuildFile; fileRef = CE6FB26E148993F900DA2A1D /* RefinedElement.m */; };
		CEF3ADDF149C4FC600D53424 /* UIKit.framework in Frameworks */ = {isa = PBXBuildFile; fileRef = CE80988B147738290067AAC2 /* UIKit.framework */; };
		CEF3ADE0149C4FC600D53424 /* Foundation.framework in Frameworks */ = {isa = PBXBuildFile; fileRef = CE80988D147738290067AAC2 /* Foundation.framework */; };
		CEF3ADE1149C4FC600D53424 /* CoreGraphics.framework in Frameworks */ = {isa = PBXBuildFile; fileRef = CE80988F147738290067AAC2 /* CoreGraphics.framework */; };
		CEF3ADE3149C4FC600D53424 /* InfoPlist.strings in Resources */ = {isa = PBXBuildFile; fileRef = CE809894147738290067AAC2 /* InfoPlist.strings */; };
		CEF3ADEA149C500A00D53424 /* libKIF.a in Frameworks */ = {isa = PBXBuildFile; fileRef = CEF3ADC7149C4FA900D53424 /* libKIF.a */; };
		CEF3ADF9149C51BD00D53424 /* PlacesKIFTestController.m in Sources */ = {isa = PBXBuildFile; fileRef = CEF3ADF8149C51BD00D53424 /* PlacesKIFTestController.m */; };
		CEF3ADFD149C51FA00D53424 /* KIFTestScenario+PlacesAdditions.m in Sources */ = {isa = PBXBuildFile; fileRef = CEF3ADFC149C51FA00D53424 /* KIFTestScenario+PlacesAdditions.m */; };
		CEF3AE00149C521400D53424 /* KIFTestStep+PlacesAdditions.m in Sources */ = {isa = PBXBuildFile; fileRef = CEF3ADFF149C521400D53424 /* KIFTestStep+PlacesAdditions.m */; };
		CEF3AE31149CD6E700D53424 /* AppDelegate.m in Sources */ = {isa = PBXBuildFile; fileRef = CE80989B1477382A0067AAC2 /* AppDelegate.m */; };
/* End PBXBuildFile section */

/* Begin PBXContainerItemProxy section */
		CE80990614773F670067AAC2 /* PBXContainerItemProxy */ = {
			isa = PBXContainerItemProxy;
			containerPortal = CE80987E147738290067AAC2 /* Project object */;
			proxyType = 1;
			remoteGlobalIDString = CE809886147738290067AAC2;
			remoteInfo = Places_09;
		};
		CEF3ADC6149C4FA900D53424 /* PBXContainerItemProxy */ = {
			isa = PBXContainerItemProxy;
			containerPortal = CEF3ADBF149C4FA900D53424 /* KIF.xcodeproj */;
			proxyType = 2;
			remoteGlobalIDString = AAB07268139719AC008AF393;
			remoteInfo = KIF;
		};
/* End PBXContainerItemProxy section */

/* Begin PBXFileReference section */
		CE22D30C14897F8000E5973F /* IndexedTableViewController.h */ = {isa = PBXFileReference; fileEncoding = 4; lastKnownFileType = sourcecode.c.h; lineEnding = 0; path = IndexedTableViewController.h; sourceTree = "<group>"; xcLanguageSpecificationIdentifier = xcode.lang.objcpp; };
		CE22D30D14897F8000E5973F /* IndexedTableViewController.m */ = {isa = PBXFileReference; fileEncoding = 4; lastKnownFileType = sourcecode.c.objc; lineEnding = 0; path = IndexedTableViewController.m; sourceTree = "<group>"; xcLanguageSpecificationIdentifier = xcode.lang.objc; };
		CE50C13F14A40E7C00D2E083 /* DataReloadForMostRecentTableViewControllerProtocol.h */ = {isa = PBXFileReference; fileEncoding = 4; lastKnownFileType = sourcecode.c.h; path = DataReloadForMostRecentTableViewControllerProtocol.h; sourceTree = "<group>"; };
		CE50C14014A48C5B00D2E083 /* SplitViewController.h */ = {isa = PBXFileReference; fileEncoding = 4; lastKnownFileType = sourcecode.c.h; path = SplitViewController.h; sourceTree = "<group>"; };
		CE50C14114A48C5B00D2E083 /* SplitViewController.m */ = {isa = PBXFileReference; fileEncoding = 4; lastKnownFileType = sourcecode.c.objc; path = SplitViewController.m; sourceTree = "<group>"; };
		CE5534AA14A1D0DF00068207 /* AppDelegate-Hidden.h */ = {isa = PBXFileReference; fileEncoding = 4; lastKnownFileType = sourcecode.c.h; path = "AppDelegate-Hidden.h"; sourceTree = "<group>"; };
		CE553791147B53C100C20686 /* PictureListTableViewController.h */ = {isa = PBXFileReference; fileEncoding = 4; lastKnownFileType = sourcecode.c.h; path = PictureListTableViewController.h; sourceTree = "<group>"; };
		CE553792147B53C100C20686 /* PictureListTableViewController.m */ = {isa = PBXFileReference; fileEncoding = 4; lastKnownFileType = sourcecode.c.objc; lineEnding = 0; path = PictureListTableViewController.m; sourceTree = "<group>"; xcLanguageSpecificationIdentifier = xcode.lang.objc; };
		CE5FE1E314A050F300BB682C /* AppDelegateTests.h */ = {isa = PBXFileReference; fileEncoding = 4; lastKnownFileType = sourcecode.c.h; path = AppDelegateTests.h; sourceTree = "<group>"; };
		CE5FE1E414A050F300BB682C /* AppDelegateTests.m */ = {isa = PBXFileReference; fileEncoding = 4; lastKnownFileType = sourcecode.c.objc; path = AppDelegateTests.m; sourceTree = "<group>"; };
		CE5FE1E614A073E900BB682C /* TabBarControllerTests.h */ = {isa = PBXFileReference; fileEncoding = 4; lastKnownFileType = sourcecode.c.h; path = TabBarControllerTests.h; sourceTree = "<group>"; };
		CE5FE1E714A073E900BB682C /* TabBarControllerTests.m */ = {isa = PBXFileReference; fileEncoding = 4; lastKnownFileType = sourcecode.c.objc; path = TabBarControllerTests.m; sourceTree = "<group>"; };
		CE5FE1EE14A0759200BB682C /* TopPlacesTableViewController.h */ = {isa = PBXFileReference; fileEncoding = 4; lastKnownFileType = sourcecode.c.h; path = TopPlacesTableViewController.h; sourceTree = "<group>"; };
		CE5FE1EF14A0759200BB682C /* TopPlacesTableViewController.m */ = {isa = PBXFileReference; fileEncoding = 4; lastKnownFileType = sourcecode.c.objc; lineEnding = 0; path = TopPlacesTableViewController.m; sourceTree = "<group>"; xcLanguageSpecificationIdentifier = xcode.lang.objc; };
		CE5FE1F314A07A0A00BB682C /* TabBarController-Hidden.h */ = {isa = PBXFileReference; fileEncoding = 4; lastKnownFileType = sourcecode.c.h; path = "TabBarController-Hidden.h"; sourceTree = "<group>"; };
		CE6FB262148993B400DA2A1D /* RefinedElementForPictureList.h */ = {isa = PBXFileReference; fileEncoding = 4; lastKnownFileType = sourcecode.c.h; path = RefinedElementForPictureList.h; sourceTree = "<group>"; };
		CE6FB263148993B400DA2A1D /* RefinedElementForPictureList.m */ = {isa = PBXFileReference; fileEncoding = 4; lastKnownFileType = sourcecode.c.objc; path = RefinedElementForPictureList.m; sourceTree = "<group>"; };
		CE6FB268148993C600DA2A1D /* RefinedElementForPlaces.h */ = {isa = PBXFileReference; fileEncoding = 4; lastKnownFileType = sourcecode.c.h; path = RefinedElementForPlaces.h; sourceTree = "<group>"; };
		CE6FB269148993C600DA2A1D /* RefinedElementForPlaces.m */ = {isa = PBXFileReference; fileEncoding = 4; lastKnownFileType = sourcecode.c.objc; path = RefinedElementForPlaces.m; sourceTree = "<group>"; };
		CE6FB26D148993F900DA2A1D /* RefinedElement.h */ = {isa = PBXFileReference; fileEncoding = 4; lastKnownFileType = sourcecode.c.h; path = RefinedElement.h; sourceTree = "<group>"; };
		CE6FB26E148993F900DA2A1D /* RefinedElement.m */ = {isa = PBXFileReference; fileEncoding = 4; lastKnownFileType = sourcecode.c.objc; path = RefinedElement.m; sourceTree = "<group>"; };
		CE809887147738290067AAC2 /* Places_09.app */ = {isa = PBXFileReference; explicitFileType = wrapper.application; includeInIndex = 0; path = Places_09.app; sourceTree = BUILT_PRODUCTS_DIR; };
		CE80988B147738290067AAC2 /* UIKit.framework */ = {isa = PBXFileReference; lastKnownFileType = wrapper.framework; name = UIKit.framework; path = System/Library/Frameworks/UIKit.framework; sourceTree = SDKROOT; };
		CE80988D147738290067AAC2 /* Foundation.framework */ = {isa = PBXFileReference; lastKnownFileType = wrapper.framework; name = Foundation.framework; path = System/Library/Frameworks/Foundation.framework; sourceTree = SDKROOT; };
		CE80988F147738290067AAC2 /* CoreGraphics.framework */ = {isa = PBXFileReference; lastKnownFileType = wrapper.framework; name = CoreGraphics.framework; path = System/Library/Frameworks/CoreGraphics.framework; sourceTree = SDKROOT; };
		CE809893147738290067AAC2 /* Places_09-Info.plist */ = {isa = PBXFileReference; lastKnownFileType = text.plist.xml; path = "Places_09-Info.plist"; sourceTree = "<group>"; };
		CE809895147738290067AAC2 /* en */ = {isa = PBXFileReference; lastKnownFileType = text.plist.strings; name = en; path = en.lproj/InfoPlist.strings; sourceTree = "<group>"; };
		CE8098971477382A0067AAC2 /* main.m */ = {isa = PBXFileReference; lastKnownFileType = sourcecode.c.objc; path = main.m; sourceTree = "<group>"; };
		CE8098991477382A0067AAC2 /* Places_09-Prefix.pch */ = {isa = PBXFileReference; lastKnownFileType = sourcecode.c.h; path = "Places_09-Prefix.pch"; sourceTree = "<group>"; };
		CE80989B1477382A0067AAC2 /* AppDelegate.m */ = {isa = PBXFileReference; lastKnownFileType = sourcecode.c.objc; path = AppDelegate.m; sourceTree = "<group>"; };
		CE8098A21477382A0067AAC2 /* Places_09Tests.octest */ = {isa = PBXFileReference; explicitFileType = wrapper.cfbundle; includeInIndex = 0; path = Places_09Tests.octest; sourceTree = BUILT_PRODUCTS_DIR; };
		CE8098A31477382A0067AAC2 /* SenTestingKit.framework */ = {isa = PBXFileReference; lastKnownFileType = wrapper.framework; name = SenTestingKit.framework; path = Library/Frameworks/SenTestingKit.framework; sourceTree = DEVELOPER_DIR; };
		CE8098AB1477382A0067AAC2 /* Places_09Tests-Info.plist */ = {isa = PBXFileReference; lastKnownFileType = text.plist.xml; path = "Places_09Tests-Info.plist"; sourceTree = "<group>"; };
		CE8098AD1477382A0067AAC2 /* en */ = {isa = PBXFileReference; lastKnownFileType = text.plist.strings; name = en; path = en.lproj/InfoPlist.strings; sourceTree = "<group>"; };
		CE8098BC147739E80067AAC2 /* FlickrAPIKey.h */ = {isa = PBXFileReference; fileEncoding = 4; lastKnownFileType = sourcecode.c.h; path = FlickrAPIKey.h; sourceTree = "<group>"; };
		CE8098BD147739E80067AAC2 /* FlickrDataSource.h */ = {isa = PBXFileReference; fileEncoding = 4; lastKnownFileType = sourcecode.c.h; path = FlickrDataSource.h; sourceTree = "<group>"; };
		CE8098BE147739E80067AAC2 /* FlickrDataSource.m */ = {isa = PBXFileReference; fileEncoding = 4; lastKnownFileType = sourcecode.c.objc; path = FlickrDataSource.m; sourceTree = "<group>"; };
		CE8098BF147739E80067AAC2 /* FlickrFetcher.h */ = {isa = PBXFileReference; fileEncoding = 4; lastKnownFileType = sourcecode.c.h; path = FlickrFetcher.h; sourceTree = "<group>"; };
		CE8098C0147739E80067AAC2 /* FlickrFetcher.m */ = {isa = PBXFileReference; fileEncoding = 4; lastKnownFileType = sourcecode.c.objc; path = FlickrFetcher.m; sourceTree = "<group>"; };
		CE8098C2147739E80067AAC2 /* JSON.h */ = {isa = PBXFileReference; fileEncoding = 4; lastKnownFileType = sourcecode.c.h; path = JSON.h; sourceTree = "<group>"; };
		CE8098C3147739E80067AAC2 /* NSObject+SBJSON.h */ = {isa = PBXFileReference; fileEncoding = 4; lastKnownFileType = sourcecode.c.h; path = "NSObject+SBJSON.h"; sourceTree = "<group>"; };
		CE8098C4147739E80067AAC2 /* NSObject+SBJSON.m */ = {isa = PBXFileReference; fileEncoding = 4; lastKnownFileType = sourcecode.c.objc; path = "NSObject+SBJSON.m"; sourceTree = "<group>"; };
		CE8098C5147739E80067AAC2 /* NSString+SBJSON.h */ = {isa = PBXFileReference; fileEncoding = 4; lastKnownFileType = sourcecode.c.h; path = "NSString+SBJSON.h"; sourceTree = "<group>"; };
		CE8098C6147739E80067AAC2 /* NSString+SBJSON.m */ = {isa = PBXFileReference; fileEncoding = 4; lastKnownFileType = sourcecode.c.objc; path = "NSString+SBJSON.m"; sourceTree = "<group>"; };
		CE8098C7147739E80067AAC2 /* SBJSON.h */ = {isa = PBXFileReference; fileEncoding = 4; lastKnownFileType = sourcecode.c.h; path = SBJSON.h; sourceTree = "<group>"; };
		CE8098C8147739E80067AAC2 /* SBJSON.m */ = {isa = PBXFileReference; fileEncoding = 4; lastKnownFileType = sourcecode.c.objc; path = SBJSON.m; sourceTree = "<group>"; };
		CE8098C9147739E80067AAC2 /* SBJsonBase.h */ = {isa = PBXFileReference; fileEncoding = 4; lastKnownFileType = sourcecode.c.h; path = SBJsonBase.h; sourceTree = "<group>"; };
		CE8098CA147739E80067AAC2 /* SBJsonBase.m */ = {isa = PBXFileReference; fileEncoding = 4; lastKnownFileType = sourcecode.c.objc; path = SBJsonBase.m; sourceTree = "<group>"; };
		CE8098CB147739E80067AAC2 /* SBJsonParser.h */ = {isa = PBXFileReference; fileEncoding = 4; lastKnownFileType = sourcecode.c.h; path = SBJsonParser.h; sourceTree = "<group>"; };
		CE8098CC147739E80067AAC2 /* SBJsonParser.m */ = {isa = PBXFileReference; fileEncoding = 4; lastKnownFileType = sourcecode.c.objc; path = SBJsonParser.m; sourceTree = "<group>"; };
		CE8098CD147739E80067AAC2 /* SBJsonWriter.h */ = {isa = PBXFileReference; fileEncoding = 4; lastKnownFileType = sourcecode.c.h; path = SBJsonWriter.h; sourceTree = "<group>"; };
		CE8098CE147739E80067AAC2 /* SBJsonWriter.m */ = {isa = PBXFileReference; fileEncoding = 4; lastKnownFileType = sourcecode.c.objc; path = SBJsonWriter.m; sourceTree = "<group>"; };
		CE8098CF147739E80067AAC2 /* ScrollableImageViewController.h */ = {isa = PBXFileReference; fileEncoding = 4; lastKnownFileType = sourcecode.c.h; path = ScrollableImageViewController.h; sourceTree = "<group>"; };
		CE8098D0147739E80067AAC2 /* ScrollableImageViewController.m */ = {isa = PBXFileReference; fileEncoding = 4; lastKnownFileType = sourcecode.c.objc; path = ScrollableImageViewController.m; sourceTree = "<group>"; };
		CE8098D1147739E80067AAC2 /* TabBarController.h */ = {isa = PBXFileReference; fileEncoding = 4; lastKnownFileType = sourcecode.c.h; path = TabBarController.h; sourceTree = "<group>"; };
		CE8098D2147739E80067AAC2 /* TabBarController.m */ = {isa = PBXFileReference; fileEncoding = 4; lastKnownFileType = sourcecode.c.objc; path = TabBarController.m; sourceTree = "<group>"; };
		CE8098F514773EE60067AAC2 /* Places_09ApplicationTests.octest */ = {isa = PBXFileReference; explicitFileType = wrapper.cfbundle; includeInIndex = 0; path = Places_09ApplicationTests.octest; sourceTree = BUILT_PRODUCTS_DIR; };
		CE8098FB14773EE60067AAC2 /* Places_09ApplicationTests-Info.plist */ = {isa = PBXFileReference; lastKnownFileType = text.plist.xml; path = "Places_09ApplicationTests-Info.plist"; sourceTree = "<group>"; };
		CE8098FD14773EE60067AAC2 /* en */ = {isa = PBXFileReference; lastKnownFileType = text.plist.strings; name = en; path = en.lproj/InfoPlist.strings; sourceTree = "<group>"; };
		CE80990214773EE60067AAC2 /* Places_09ApplicationTests-Prefix.pch */ = {isa = PBXFileReference; lastKnownFileType = sourcecode.c.h; path = "Places_09ApplicationTests-Prefix.pch"; sourceTree = "<group>"; };
		CE80992B147779580067AAC2 /* MostRecentTableViewController.h */ = {isa = PBXFileReference; fileEncoding = 4; lastKnownFileType = sourcecode.c.h; path = MostRecentTableViewController.h; sourceTree = "<group>"; };
		CE80992C147779580067AAC2 /* MostRecentTableViewController.m */ = {isa = PBXFileReference; fileEncoding = 4; lastKnownFileType = sourcecode.c.objc; path = MostRecentTableViewController.m; sourceTree = "<group>"; };
		CEB4C2C21488C4AC00DDF51F /* PlaceTableViewController.h */ = {isa = PBXFileReference; fileEncoding = 4; lastKnownFileType = sourcecode.c.h; path = PlaceTableViewController.h; sourceTree = "<group>"; };
		CEB4C2C31488C4AC00DDF51F /* PlaceTableViewController.m */ = {isa = PBXFileReference; fileEncoding = 4; lastKnownFileType = sourcecode.c.objc; lineEnding = 0; path = PlaceTableViewController.m; sourceTree = "<group>"; xcLanguageSpecificationIdentifier = xcode.lang.objc; };
		CECD2C8314A1411400301E45 /* AppDelegate.h */ = {isa = PBXFileReference; lastKnownFileType = sourcecode.c.h; path = AppDelegate.h; sourceTree = "<group>"; };
		CECD2C9414A1A16100301E45 /* FlickrDataSourceTests.h */ = {isa = PBXFileReference; fileEncoding = 4; lastKnownFileType = sourcecode.c.h; path = FlickrDataSourceTests.h; sourceTree = "<group>"; };
		CECD2C9514A1A16100301E45 /* FlickrDataSourceTests.m */ = {isa = PBXFileReference; fileEncoding = 4; lastKnownFileType = sourcecode.c.objc; path = FlickrDataSourceTests.m; sourceTree = "<group>"; };
		CECD2C9714A1AF1700301E45 /* FlickrDataSource-Hidden.h */ = {isa = PBXFileReference; fileEncoding = 4; lastKnownFileType = sourcecode.c.h; path = "FlickrDataSource-Hidden.h"; sourceTree = "<group>"; };
		CEF3ADB5149C4E2800D53424 /* libOCMock.a */ = {isa = PBXFileReference; lastKnownFileType = archive.ar; path = libOCMock.a; sourceTree = "<group>"; };
		CEF3ADB9149C4E3000D53424 /* NSNotificationCenter+OCMAdditions.h */ = {isa = PBXFileReference; fileEncoding = 4; lastKnownFileType = sourcecode.c.h; path = "NSNotificationCenter+OCMAdditions.h"; sourceTree = "<group>"; };
		CEF3ADBA149C4E3000D53424 /* OCMArg.h */ = {isa = PBXFileReference; fileEncoding = 4; lastKnownFileType = sourcecode.c.h; path = OCMArg.h; sourceTree = "<group>"; };
		CEF3ADBB149C4E3000D53424 /* OCMConstraint.h */ = {isa = PBXFileReference; fileEncoding = 4; lastKnownFileType = sourcecode.c.h; path = OCMConstraint.h; sourceTree = "<group>"; };
		CEF3ADBC149C4E3000D53424 /* OCMock.h */ = {isa = PBXFileReference; fileEncoding = 4; lastKnownFileType = sourcecode.c.h; path = OCMock.h; sourceTree = "<group>"; };
		CEF3ADBD149C4E3000D53424 /* OCMockObject.h */ = {isa = PBXFileReference; fileEncoding = 4; lastKnownFileType = sourcecode.c.h; path = OCMockObject.h; sourceTree = "<group>"; };
		CEF3ADBE149C4E3000D53424 /* OCMockRecorder.h */ = {isa = PBXFileReference; fileEncoding = 4; lastKnownFileType = sourcecode.c.h; path = OCMockRecorder.h; sourceTree = "<group>"; };
		CEF3ADBF149C4FA900D53424 /* KIF.xcodeproj */ = {isa = PBXFileReference; lastKnownFileType = "wrapper.pb-project"; name = KIF.xcodeproj; path = Frameworks/KIF/KIF.xcodeproj; sourceTree = "<group>"; };
		CEF3ADE7149C4FC600D53424 /* UI Test.app */ = {isa = PBXFileReference; explicitFileType = wrapper.application; includeInIndex = 0; path = "UI Test.app"; sourceTree = BUILT_PRODUCTS_DIR; };
		CEF3ADE9149C4FC700D53424 /* Places_09 copy-Info.plist */ = {isa = PBXFileReference; lastKnownFileType = text.plist.xml; name = "Places_09 copy-Info.plist"; path = "/Users/jinwoobaek/Documents/workspace/CS193P/Places_09/Places_09 copy-Info.plist"; sourceTree = "<absolute>"; };
		CEF3ADF7149C51BD00D53424 /* PlacesKIFTestController.h */ = {isa = PBXFileReference; fileEncoding = 4; lastKnownFileType = sourcecode.c.h; name = PlacesKIFTestController.h; path = KIF/PlacesKIFTestController.h; sourceTree = SOURCE_ROOT; };
		CEF3ADF8149C51BD00D53424 /* PlacesKIFTestController.m */ = {isa = PBXFileReference; fileEncoding = 4; lastKnownFileType = sourcecode.c.objc; name = PlacesKIFTestController.m; path = KIF/PlacesKIFTestController.m; sourceTree = SOURCE_ROOT; };
		CEF3ADFB149C51FA00D53424 /* KIFTestScenario+PlacesAdditions.h */ = {isa = PBXFileReference; fileEncoding = 4; lastKnownFileType = sourcecode.c.h; name = "KIFTestScenario+PlacesAdditions.h"; path = "KIF/KIFTestScenario+PlacesAdditions.h"; sourceTree = SOURCE_ROOT; };
		CEF3ADFC149C51FA00D53424 /* KIFTestScenario+PlacesAdditions.m */ = {isa = PBXFileReference; fileEncoding = 4; lastKnownFileType = sourcecode.c.objc; name = "KIFTestScenario+PlacesAdditions.m"; path = "KIF/KIFTestScenario+PlacesAdditions.m"; sourceTree = SOURCE_ROOT; };
		CEF3ADFE149C521400D53424 /* KIFTestStep+PlacesAdditions.h */ = {isa = PBXFileReference; fileEncoding = 4; lastKnownFileType = sourcecode.c.h; name = "KIFTestStep+PlacesAdditions.h"; path = "KIF/KIFTestStep+PlacesAdditions.h"; sourceTree = SOURCE_ROOT; };
		CEF3ADFF149C521400D53424 /* KIFTestStep+PlacesAdditions.m */ = {isa = PBXFileReference; fileEncoding = 4; lastKnownFileType = sourcecode.c.objc; name = "KIFTestStep+PlacesAdditions.m"; path = "KIF/KIFTestStep+PlacesAdditions.m"; sourceTree = SOURCE_ROOT; };
/* End PBXFileReference section */

/* Begin PBXFrameworksBuildPhase section */
		CE809884147738290067AAC2 /* Frameworks */ = {
			isa = PBXFrameworksBuildPhase;
			buildActionMask = 2147483647;
			files = (
				CE80988C147738290067AAC2 /* UIKit.framework in Frameworks */,
				CE80988E147738290067AAC2 /* Foundation.framework in Frameworks */,
				CE809890147738290067AAC2 /* CoreGraphics.framework in Frameworks */,
			);
			runOnlyForDeploymentPostprocessing = 0;
		};
		CE80989E1477382A0067AAC2 /* Frameworks */ = {
			isa = PBXFrameworksBuildPhase;
			buildActionMask = 2147483647;
			files = (
				CE8098A41477382A0067AAC2 /* SenTestingKit.framework in Frameworks */,
				CE8098A51477382A0067AAC2 /* UIKit.framework in Frameworks */,
				CE8098A61477382A0067AAC2 /* Foundation.framework in Frameworks */,
				CEF3ADB6149C4E2800D53424 /* libOCMock.a in Frameworks */,
			);
			runOnlyForDeploymentPostprocessing = 0;
		};
		CE8098F114773EE60067AAC2 /* Frameworks */ = {
			isa = PBXFrameworksBuildPhase;
			buildActionMask = 2147483647;
			files = (
				CE8098F614773EE60067AAC2 /* SenTestingKit.framework in Frameworks */,
				CE8098F714773EE60067AAC2 /* UIKit.framework in Frameworks */,
				CE8098F814773EE60067AAC2 /* Foundation.framework in Frameworks */,
				CEF3ADB7149C4E2800D53424 /* libOCMock.a in Frameworks */,
			);
			runOnlyForDeploymentPostprocessing = 0;
		};
		CEF3ADDE149C4FC600D53424 /* Frameworks */ = {
			isa = PBXFrameworksBuildPhase;
			buildActionMask = 2147483647;
			files = (
				CEF3ADEA149C500A00D53424 /* libKIF.a in Frameworks */,
				CEF3ADDF149C4FC600D53424 /* UIKit.framework in Frameworks */,
				CEF3ADE0149C4FC600D53424 /* Foundation.framework in Frameworks */,
				CEF3ADE1149C4FC600D53424 /* CoreGraphics.framework in Frameworks */,
			);
			runOnlyForDeploymentPostprocessing = 0;
		};
/* End PBXFrameworksBuildPhase section */

/* Begin PBXGroup section */
		CE22D30A14897F5700E5973F /* IndexedTableView */ = {
			isa = PBXGroup;
			children = (
				CE22D30C14897F8000E5973F /* IndexedTableViewController.h */,
				CE22D30D14897F8000E5973F /* IndexedTableViewController.m */,
				CE6FB26D148993F900DA2A1D /* RefinedElement.h */,
				CE6FB26E148993F900DA2A1D /* RefinedElement.m */,
				CE6FB268148993C600DA2A1D /* RefinedElementForPlaces.h */,
				CE6FB269148993C600DA2A1D /* RefinedElementForPlaces.m */,
				CE6FB262148993B400DA2A1D /* RefinedElementForPictureList.h */,
				CE6FB263148993B400DA2A1D /* RefinedElementForPictureList.m */,
			);
			name = IndexedTableView;
			sourceTree = "<group>";
		};
		CE50C14514A48C6600D2E083 /* iPad */ = {
			isa = PBXGroup;
			children = (
				CE50C14014A48C5B00D2E083 /* SplitViewController.h */,
				CE50C14114A48C5B00D2E083 /* SplitViewController.m */,
			);
			name = iPad;
			sourceTree = "<group>";
		};
		CE553797147B53CB00C20686 /* SecondTables */ = {
			isa = PBXGroup;
			children = (
				CE553791147B53C100C20686 /* PictureListTableViewController.h */,
				CE553792147B53C100C20686 /* PictureListTableViewController.m */,
			);
			name = SecondTables;
			sourceTree = "<group>";
		};
		CE80987C147738290067AAC2 = {
			isa = PBXGroup;
			children = (
				CEF3ADBF149C4FA900D53424 /* KIF.xcodeproj */,
				CEF3ADB4149C4BB600D53424 /* Libraries */,
				CE809891147738290067AAC2 /* Places_09 */,
				CE8098A91477382A0067AAC2 /* Places_09Tests */,
				CE8098F914773EE60067AAC2 /* Places_09ApplicationTests */,
				CEF3ADF6149C518300D53424 /* KIF */,
				CE80988A147738290067AAC2 /* Frameworks */,
				CE809888147738290067AAC2 /* Products */,
				CEF3ADE9149C4FC700D53424 /* Places_09 copy-Info.plist */,
			);
			sourceTree = "<group>";
		};
		CE809888147738290067AAC2 /* Products */ = {
			isa = PBXGroup;
			children = (
				CE809887147738290067AAC2 /* Places_09.app */,
				CE8098A21477382A0067AAC2 /* Places_09Tests.octest */,
				CE8098F514773EE60067AAC2 /* Places_09ApplicationTests.octest */,
				CEF3ADE7149C4FC600D53424 /* UI Test.app */,
			);
			name = Products;
			sourceTree = "<group>";
		};
		CE80988A147738290067AAC2 /* Frameworks */ = {
			isa = PBXGroup;
			children = (
				CE80988B147738290067AAC2 /* UIKit.framework */,
				CE80988D147738290067AAC2 /* Foundation.framework */,
				CE80988F147738290067AAC2 /* CoreGraphics.framework */,
				CE8098A31477382A0067AAC2 /* SenTestingKit.framework */,
			);
			name = Frameworks;
			sourceTree = "<group>";
		};
		CE809891147738290067AAC2 /* Places_09 */ = {
			isa = PBXGroup;
			children = (
				CECD2C8314A1411400301E45 /* AppDelegate.h */,
				CE5534AA14A1D0DF00068207 /* AppDelegate-Hidden.h */,
				CE80989B1477382A0067AAC2 /* AppDelegate.m */,
				CE8098D1147739E80067AAC2 /* TabBarController.h */,
				CE5FE1F314A07A0A00BB682C /* TabBarController-Hidden.h */,
				CE8098D2147739E80067AAC2 /* TabBarController.m */,
				CE50C14514A48C6600D2E083 /* iPad */,
				CE22D30A14897F5700E5973F /* IndexedTableView */,
				CE8098ED147739EE0067AAC2 /* FirstTables */,
				CE553797147B53CB00C20686 /* SecondTables */,
				CE8098EF14773B720067AAC2 /* Images */,
				CE8098EE14773A2A0067AAC2 /* Flickr */,
				CE809892147738290067AAC2 /* Supporting Files */,
			);
			path = Places_09;
			sourceTree = "<group>";
		};
		CE809892147738290067AAC2 /* Supporting Files */ = {
			isa = PBXGroup;
			children = (
				CE809893147738290067AAC2 /* Places_09-Info.plist */,
				CE809894147738290067AAC2 /* InfoPlist.strings */,
				CE8098971477382A0067AAC2 /* main.m */,
				CE8098991477382A0067AAC2 /* Places_09-Prefix.pch */,
			);
			name = "Supporting Files";
			sourceTree = "<group>";
		};
		CE8098A91477382A0067AAC2 /* Places_09Tests */ = {
			isa = PBXGroup;
			children = (
				CECD2C9414A1A16100301E45 /* FlickrDataSourceTests.h */,
				CECD2C9514A1A16100301E45 /* FlickrDataSourceTests.m */,
				CE8098AA1477382A0067AAC2 /* Supporting Files */,
			);
			path = Places_09Tests;
			sourceTree = "<group>";
		};
		CE8098AA1477382A0067AAC2 /* Supporting Files */ = {
			isa = PBXGroup;
			children = (
				CE8098AB1477382A0067AAC2 /* Places_09Tests-Info.plist */,
				CE8098AC1477382A0067AAC2 /* InfoPlist.strings */,
			);
			name = "Supporting Files";
			sourceTree = "<group>";
		};
		CE8098C1147739E80067AAC2 /* JSON */ = {
			isa = PBXGroup;
			children = (
				CE8098C2147739E80067AAC2 /* JSON.h */,
				CE8098C3147739E80067AAC2 /* NSObject+SBJSON.h */,
				CE8098C4147739E80067AAC2 /* NSObject+SBJSON.m */,
				CE8098C5147739E80067AAC2 /* NSString+SBJSON.h */,
				CE8098C6147739E80067AAC2 /* NSString+SBJSON.m */,
				CE8098C7147739E80067AAC2 /* SBJSON.h */,
				CE8098C8147739E80067AAC2 /* SBJSON.m */,
				CE8098C9147739E80067AAC2 /* SBJsonBase.h */,
				CE8098CA147739E80067AAC2 /* SBJsonBase.m */,
				CE8098CB147739E80067AAC2 /* SBJsonParser.h */,
				CE8098CC147739E80067AAC2 /* SBJsonParser.m */,
				CE8098CD147739E80067AAC2 /* SBJsonWriter.h */,
				CE8098CE147739E80067AAC2 /* SBJsonWriter.m */,
			);
			path = JSON;
			sourceTree = "<group>";
		};
		CE8098ED147739EE0067AAC2 /* FirstTables */ = {
			isa = PBXGroup;
			children = (
				CEB4C2C21488C4AC00DDF51F /* PlaceTableViewController.h */,
				CEB4C2C31488C4AC00DDF51F /* PlaceTableViewController.m */,
				CE50C13F14A40E7C00D2E083 /* DataReloadForMostRecentTableViewControllerProtocol.h */,
				CE5FE1EE14A0759200BB682C /* TopPlacesTableViewController.h */,
				CE5FE1EF14A0759200BB682C /* TopPlacesTableViewController.m */,
				CE80992B147779580067AAC2 /* MostRecentTableViewController.h */,
				CE80992C147779580067AAC2 /* MostRecentTableViewController.m */,
				CE8098BD147739E80067AAC2 /* FlickrDataSource.h */,
				CECD2C9714A1AF1700301E45 /* FlickrDataSource-Hidden.h */,
				CE8098BE147739E80067AAC2 /* FlickrDataSource.m */,
			);
			name = FirstTables;
			sourceTree = "<group>";
		};
		CE8098EE14773A2A0067AAC2 /* Flickr */ = {
			isa = PBXGroup;
			children = (
				CE8098BC147739E80067AAC2 /* FlickrAPIKey.h */,
				CE8098BF147739E80067AAC2 /* FlickrFetcher.h */,
				CE8098C0147739E80067AAC2 /* FlickrFetcher.m */,
				CE8098C1147739E80067AAC2 /* JSON */,
			);
			name = Flickr;
			sourceTree = "<group>";
		};
		CE8098EF14773B720067AAC2 /* Images */ = {
			isa = PBXGroup;
			children = (
				CE8098CF147739E80067AAC2 /* ScrollableImageViewController.h */,
				CE8098D0147739E80067AAC2 /* ScrollableImageViewController.m */,
			);
			name = Images;
			sourceTree = "<group>";
		};
		CE8098F914773EE60067AAC2 /* Places_09ApplicationTests */ = {
			isa = PBXGroup;
			children = (
				CE5FE1E314A050F300BB682C /* AppDelegateTests.h */,
				CE5FE1E414A050F300BB682C /* AppDelegateTests.m */,
				CE5FE1E614A073E900BB682C /* TabBarControllerTests.h */,
				CE5FE1E714A073E900BB682C /* TabBarControllerTests.m */,
				CE8098FA14773EE60067AAC2 /* Supporting Files */,
			);
			path = Places_09ApplicationTests;
			sourceTree = "<group>";
		};
		CE8098FA14773EE60067AAC2 /* Supporting Files */ = {
			isa = PBXGroup;
			children = (
				CE8098FB14773EE60067AAC2 /* Places_09ApplicationTests-Info.plist */,
				CE8098FC14773EE60067AAC2 /* InfoPlist.strings */,
				CE80990214773EE60067AAC2 /* Places_09ApplicationTests-Prefix.pch */,
			);
			name = "Supporting Files";
			sourceTree = "<group>";
		};
		CEF3ADB4149C4BB600D53424 /* Libraries */ = {
			isa = PBXGroup;
			children = (
				CEF3ADB8149C4E3000D53424 /* OCMock */,
				CEF3ADB5149C4E2800D53424 /* libOCMock.a */,
			);
			path = Libraries;
			sourceTree = "<group>";
		};
		CEF3ADB8149C4E3000D53424 /* OCMock */ = {
			isa = PBXGroup;
			children = (
				CEF3ADB9149C4E3000D53424 /* NSNotificationCenter+OCMAdditions.h */,
				CEF3ADBA149C4E3000D53424 /* OCMArg.h */,
				CEF3ADBB149C4E3000D53424 /* OCMConstraint.h */,
				CEF3ADBC149C4E3000D53424 /* OCMock.h */,
				CEF3ADBD149C4E3000D53424 /* OCMockObject.h */,
				CEF3ADBE149C4E3000D53424 /* OCMockRecorder.h */,
			);
			path = OCMock;
			sourceTree = "<group>";
		};
		CEF3ADC0149C4FA900D53424 /* Products */ = {
			isa = PBXGroup;
			children = (
				CEF3ADC7149C4FA900D53424 /* libKIF.a */,
			);
			name = Products;
			sourceTree = "<group>";
		};
		CEF3ADF6149C518300D53424 /* KIF */ = {
			isa = PBXGroup;
			children = (
				CEF3ADF7149C51BD00D53424 /* PlacesKIFTestController.h */,
				CEF3ADF8149C51BD00D53424 /* PlacesKIFTestController.m */,
				CEF3ADFB149C51FA00D53424 /* KIFTestScenario+PlacesAdditions.h */,
				CEF3ADFC149C51FA00D53424 /* KIFTestScenario+PlacesAdditions.m */,
				CEF3ADFE149C521400D53424 /* KIFTestStep+PlacesAdditions.h */,
				CEF3ADFF149C521400D53424 /* KIFTestStep+PlacesAdditions.m */,
			);
			name = KIF;
			path = Places_09ApplicationTests;
			sourceTree = "<group>";
		};
/* End PBXGroup section */

/* Begin PBXNativeTarget section */
		CE809886147738290067AAC2 /* Places_09 */ = {
			isa = PBXNativeTarget;
			buildConfigurationList = CE8098B41477382A0067AAC2 /* Build configuration list for PBXNativeTarget "Places_09" */;
			buildPhases = (
				CE809883147738290067AAC2 /* Sources */,
				CE809884147738290067AAC2 /* Frameworks */,
				CE809885147738290067AAC2 /* Resources */,
			);
			buildRules = (
			);
			dependencies = (
			);
			name = Places_09;
			productName = Places_09;
			productReference = CE809887147738290067AAC2 /* Places_09.app */;
			productType = "com.apple.product-type.application";
		};
		CE8098A11477382A0067AAC2 /* Places_09Tests */ = {
			isa = PBXNativeTarget;
			buildConfigurationList = CE8098B71477382A0067AAC2 /* Build configuration list for PBXNativeTarget "Places_09Tests" */;
			buildPhases = (
				CE80989D1477382A0067AAC2 /* Sources */,
				CE80989E1477382A0067AAC2 /* Frameworks */,
				CE80989F1477382A0067AAC2 /* Resources */,
				CE8098A01477382A0067AAC2 /* ShellScript */,
			);
			buildRules = (
			);
			dependencies = (
			);
			name = Places_09Tests;
			productName = Places_09Tests;
			productReference = CE8098A21477382A0067AAC2 /* Places_09Tests.octest */;
			productType = "com.apple.product-type.bundle";
		};
		CE8098F414773EE60067AAC2 /* Places_09ApplicationTests */ = {
			isa = PBXNativeTarget;
			buildConfigurationList = CE80990314773EE60067AAC2 /* Build configuration list for PBXNativeTarget "Places_09ApplicationTests" */;
			buildPhases = (
				CE8098F014773EE60067AAC2 /* Sources */,
				CE8098F114773EE60067AAC2 /* Frameworks */,
				CE8098F214773EE60067AAC2 /* Resources */,
				CE8098F314773EE60067AAC2 /* ShellScript */,
			);
			buildRules = (
			);
			dependencies = (
				CE80990714773F670067AAC2 /* PBXTargetDependency */,
			);
			name = Places_09ApplicationTests;
			productName = Places_09ApplicationTests;
			productReference = CE8098F514773EE60067AAC2 /* Places_09ApplicationTests.octest */;
			productType = "com.apple.product-type.bundle";
		};
		CEF3ADC8149C4FC600D53424 /* UI Test */ = {
			isa = PBXNativeTarget;
			buildConfigurationList = CEF3ADE4149C4FC600D53424 /* Build configuration list for PBXNativeTarget "UI Test" */;
			buildPhases = (
				CEF3ADC9149C4FC600D53424 /* Sources */,
				CEF3ADDE149C4FC600D53424 /* Frameworks */,
				CEF3ADE2149C4FC600D53424 /* Resources */,
			);
			buildRules = (
			);
			dependencies = (
			);
			name = "UI Test";
			productName = Places_09;
			productReference = CEF3ADE7149C4FC600D53424 /* UI Test.app */;
			productType = "com.apple.product-type.application";
		};
/* End PBXNativeTarget section */

/* Begin PBXProject section */
		CE80987E147738290067AAC2 /* Project object */ = {
			isa = PBXProject;
			attributes = {
				LastUpgradeCheck = 0420;
				ORGANIZATIONNAME = "Rose-Hulman Institute of Technology";
			};
			buildConfigurationList = CE809881147738290067AAC2 /* Build configuration list for PBXProject "Places_09" */;
			compatibilityVersion = "Xcode 3.2";
			developmentRegion = English;
			hasScannedForEncodings = 0;
			knownRegions = (
				en,
			);
			mainGroup = CE80987C147738290067AAC2;
			productRefGroup = CE809888147738290067AAC2 /* Products */;
			projectDirPath = "";
			projectReferences = (
				{
					ProductGroup = CEF3ADC0149C4FA900D53424 /* Products */;
					ProjectRef = CEF3ADBF149C4FA900D53424 /* KIF.xcodeproj */;
				},
			);
			projectRoot = "";
			targets = (
				CE809886147738290067AAC2 /* Places_09 */,
				CE8098A11477382A0067AAC2 /* Places_09Tests */,
				CE8098F414773EE60067AAC2 /* Places_09ApplicationTests */,
				CEF3ADC8149C4FC600D53424 /* UI Test */,
			);
		};
/* End PBXProject section */

/* Begin PBXReferenceProxy section */
		CEF3ADC7149C4FA900D53424 /* libKIF.a */ = {
			isa = PBXReferenceProxy;
			fileType = archive.ar;
			path = libKIF.a;
			remoteRef = CEF3ADC6149C4FA900D53424 /* PBXContainerItemProxy */;
			sourceTree = BUILT_PRODUCTS_DIR;
		};
/* End PBXReferenceProxy section */

/* Begin PBXResourcesBuildPhase section */
		CE809885147738290067AAC2 /* Resources */ = {
			isa = PBXResourcesBuildPhase;
			buildActionMask = 2147483647;
			files = (
				CE8098961477382A0067AAC2 /* InfoPlist.strings in Resources */,
			);
			runOnlyForDeploymentPostprocessing = 0;
		};
		CE80989F1477382A0067AAC2 /* Resources */ = {
			isa = PBXResourcesBuildPhase;
			buildActionMask = 2147483647;
			files = (
				CE8098AE1477382A0067AAC2 /* InfoPlist.strings in Resources */,
			);
			runOnlyForDeploymentPostprocessing = 0;
		};
		CE8098F214773EE60067AAC2 /* Resources */ = {
			isa = PBXResourcesBuildPhase;
			buildActionMask = 2147483647;
			files = (
				CE8098FE14773EE60067AAC2 /* InfoPlist.strings in Resources */,
			);
			runOnlyForDeploymentPostprocessing = 0;
		};
		CEF3ADE2149C4FC600D53424 /* Resources */ = {
			isa = PBXResourcesBuildPhase;
			buildActionMask = 2147483647;
			files = (
				CEF3ADE3149C4FC600D53424 /* InfoPlist.strings in Resources */,
			);
			runOnlyForDeploymentPostprocessing = 0;
		};
/* End PBXResourcesBuildPhase section */

/* Begin PBXShellScriptBuildPhase section */
		CE8098A01477382A0067AAC2 /* ShellScript */ = {
			isa = PBXShellScriptBuildPhase;
			buildActionMask = 2147483647;
			files = (
			);
			inputPaths = (
			);
			outputPaths = (
			);
			runOnlyForDeploymentPostprocessing = 0;
			shellPath = /bin/sh;
			shellScript = "# Run the unit tests in this test bundle.\n\"${SYSTEM_DEVELOPER_DIR}/Tools/RunUnitTests\"\n";
		};
		CE8098F314773EE60067AAC2 /* ShellScript */ = {
			isa = PBXShellScriptBuildPhase;
			buildActionMask = 2147483647;
			files = (
			);
			inputPaths = (
			);
			outputPaths = (
			);
			runOnlyForDeploymentPostprocessing = 0;
			shellPath = /bin/sh;
			shellScript = "# Run the unit tests in this test bundle.\n\"${SYSTEM_DEVELOPER_DIR}/Tools/RunUnitTests\"\n";
		};
/* End PBXShellScriptBuildPhase section */

/* Begin PBXSourcesBuildPhase section */
		CE809883147738290067AAC2 /* Sources */ = {
			isa = PBXSourcesBuildPhase;
			buildActionMask = 2147483647;
			files = (
				CE8098981477382A0067AAC2 /* main.m in Sources */,
				CE80989C1477382A0067AAC2 /* AppDelegate.m in Sources */,
				CE8098D7147739E80067AAC2 /* FlickrDataSource.m in Sources */,
				CE8098D9147739E80067AAC2 /* FlickrFetcher.m in Sources */,
				CE8098DB147739E80067AAC2 /* NSObject+SBJSON.m in Sources */,
				CE8098DD147739E80067AAC2 /* NSString+SBJSON.m in Sources */,
				CE8098DF147739E80067AAC2 /* SBJSON.m in Sources */,
				CE8098E1147739E80067AAC2 /* SBJsonBase.m in Sources */,
				CE8098E3147739E80067AAC2 /* SBJsonParser.m in Sources */,
				CE8098E5147739E80067AAC2 /* SBJsonWriter.m in Sources */,
				CE8098E7147739E80067AAC2 /* ScrollableImageViewController.m in Sources */,
				CE8098E9147739E80067AAC2 /* TabBarController.m in Sources */,
				CE80992D147779580067AAC2 /* MostRecentTableViewController.m in Sources */,
				CE553793147B53C100C20686 /* PictureListTableViewController.m in Sources */,
				CEB4C2C41488C4AC00DDF51F /* PlaceTableViewController.m in Sources */,
				CE22D30E14897F8000E5973F /* IndexedTableViewController.m in Sources */,
				CE6FB264148993B400DA2A1D /* RefinedElementForPictureList.m in Sources */,
				CE6FB26A148993C600DA2A1D /* RefinedElementForPlaces.m in Sources */,
				CE6FB26F148993F900DA2A1D /* RefinedElement.m in Sources */,
				CE5FE1F014A0759200BB682C /* TopPlacesTableViewController.m in Sources */,
				CE50C14214A48C5C00D2E083 /* SplitViewController.m in Sources */,
			);
			runOnlyForDeploymentPostprocessing = 0;
		};
		CE80989D1477382A0067AAC2 /* Sources */ = {
			isa = PBXSourcesBuildPhase;
			buildActionMask = 2147483647;
			files = (
				CE8098D8147739E80067AAC2 /* FlickrDataSource.m in Sources */,
				CE8098DA147739E80067AAC2 /* FlickrFetcher.m in Sources */,
				CE8098DC147739E80067AAC2 /* NSObject+SBJSON.m in Sources */,
				CE8098DE147739E80067AAC2 /* NSString+SBJSON.m in Sources */,
				CE8098E0147739E80067AAC2 /* SBJSON.m in Sources */,
				CE8098E2147739E80067AAC2 /* SBJsonBase.m in Sources */,
				CE8098E4147739E80067AAC2 /* SBJsonParser.m in Sources */,
				CE8098E6147739E80067AAC2 /* SBJsonWriter.m in Sources */,
				CE8098E8147739E80067AAC2 /* ScrollableImageViewController.m in Sources */,
				CE8098EA147739E80067AAC2 /* TabBarController.m in Sources */,
				CE80992E147779580067AAC2 /* MostRecentTableViewController.m in Sources */,
				CE553794147B53C100C20686 /* PictureListTableViewController.m in Sources */,
				CEB4C2C51488C4AC00DDF51F /* PlaceTableViewController.m in Sources */,
				CE22D30F14897F8000E5973F /* IndexedTableViewController.m in Sources */,
				CE6FB265148993B400DA2A1D /* RefinedElementForPictureList.m in Sources */,
				CE6FB26B148993C600DA2A1D /* RefinedElementForPlaces.m in Sources */,
				CE6FB270148993F900DA2A1D /* RefinedElement.m in Sources */,
				CEF3AE31149CD6E700D53424 /* AppDelegate.m in Sources */,
				CE5FE1F114A0759200BB682C /* TopPlacesTableViewController.m in Sources */,
				CECD2C9614A1A16100301E45 /* FlickrDataSourceTests.m in Sources */,
				CE50C14314A48C5C00D2E083 /* SplitViewController.m in Sources */,
			);
			runOnlyForDeploymentPostprocessing = 0;
		};
		CE8098F014773EE60067AAC2 /* Sources */ = {
			isa = PBXSourcesBuildPhase;
			buildActionMask = 2147483647;
			files = (
				CE5FE1E514A050F300BB682C /* AppDelegateTests.m in Sources */,
				CE5FE1E814A073E900BB682C /* TabBarControllerTests.m in Sources */,
			);
			runOnlyForDeploymentPostprocessing = 0;
		};
		CEF3ADC9149C4FC600D53424 /* Sources */ = {
			isa = PBXSourcesBuildPhase;
			buildActionMask = 2147483647;
			files = (
				CEF3ADCA149C4FC600D53424 /* main.m in Sources */,
				CEF3ADCB149C4FC600D53424 /* AppDelegate.m in Sources */,
				CEF3ADCC149C4FC600D53424 /* FlickrDataSource.m in Sources */,
				CEF3ADCD149C4FC600D53424 /* FlickrFetcher.m in Sources */,
				CEF3ADCE149C4FC600D53424 /* NSObject+SBJSON.m in Sources */,
				CEF3ADCF149C4FC600D53424 /* NSString+SBJSON.m in Sources */,
				CEF3ADD0149C4FC600D53424 /* SBJSON.m in Sources */,
				CEF3ADD1149C4FC600D53424 /* SBJsonBase.m in Sources */,
				CEF3ADD2149C4FC600D53424 /* SBJsonParser.m in Sources */,
				CEF3ADD3149C4FC600D53424 /* SBJsonWriter.m in Sources */,
				CEF3ADD4149C4FC600D53424 /* ScrollableImageViewController.m in Sources */,
				CEF3ADD5149C4FC600D53424 /* TabBarController.m in Sources */,
				CEF3ADD7149C4FC600D53424 /* MostRecentTableViewController.m in Sources */,
				CEF3ADD8149C4FC600D53424 /* PictureListTableViewController.m in Sources */,
				CEF3ADD9149C4FC600D53424 /* PlaceTableViewController.m in Sources */,
				CEF3ADDA149C4FC600D53424 /* IndexedTableViewController.m in Sources */,
				CEF3ADDB149C4FC600D53424 /* RefinedElementForPictureList.m in Sources */,
				CEF3ADDC149C4FC600D53424 /* RefinedElementForPlaces.m in Sources */,
				CEF3ADDD149C4FC600D53424 /* RefinedElement.m in Sources */,
				CEF3ADF9149C51BD00D53424 /* PlacesKIFTestController.m in Sources */,
				CEF3ADFD149C51FA00D53424 /* KIFTestScenario+PlacesAdditions.m in Sources */,
				CEF3AE00149C521400D53424 /* KIFTestStep+PlacesAdditions.m in Sources */,
				CE5FE1F214A0759200BB682C /* TopPlacesTableViewController.m in Sources */,
				CE50C14414A48C5C00D2E083 /* SplitViewController.m in Sources */,
			);
			runOnlyForDeploymentPostprocessing = 0;
		};
/* End PBXSourcesBuildPhase section */

/* Begin PBXTargetDependency section */
		CE80990714773F670067AAC2 /* PBXTargetDependency */ = {
			isa = PBXTargetDependency;
			target = CE809886147738290067AAC2 /* Places_09 */;
			targetProxy = CE80990614773F670067AAC2 /* PBXContainerItemProxy */;
		};
/* End PBXTargetDependency section */

/* Begin PBXVariantGroup section */
		CE809894147738290067AAC2 /* InfoPlist.strings */ = {
			isa = PBXVariantGroup;
			children = (
				CE809895147738290067AAC2 /* en */,
			);
			name = InfoPlist.strings;
			sourceTree = "<group>";
		};
		CE8098AC1477382A0067AAC2 /* InfoPlist.strings */ = {
			isa = PBXVariantGroup;
			children = (
				CE8098AD1477382A0067AAC2 /* en */,
			);
			name = InfoPlist.strings;
			sourceTree = "<group>";
		};
		CE8098FC14773EE60067AAC2 /* InfoPlist.strings */ = {
			isa = PBXVariantGroup;
			children = (
				CE8098FD14773EE60067AAC2 /* en */,
			);
			name = InfoPlist.strings;
			sourceTree = "<group>";
		};
/* End PBXVariantGroup section */

/* Begin XCBuildConfiguration section */
		CE8098B21477382A0067AAC2 /* Debug */ = {
			isa = XCBuildConfiguration;
			buildSettings = {
				ALWAYS_SEARCH_USER_PATHS = NO;
				ARCHS = "$(ARCHS_STANDARD_32_BIT)";
				"CODE_SIGN_IDENTITY[sdk=iphoneos*]" = "iPhone Developer";
				COPY_PHASE_STRIP = NO;
				GCC_C_LANGUAGE_STANDARD = gnu99;
				GCC_DYNAMIC_NO_PIC = NO;
				GCC_OPTIMIZATION_LEVEL = 0;
				GCC_PREPROCESSOR_DEFINITIONS = (
					"DEBUG=1",
					"$(inherited)",
				);
				GCC_SYMBOLS_PRIVATE_EXTERN = NO;
				GCC_VERSION = com.apple.compilers.llvm.clang.1_0;
				GCC_WARN_ABOUT_MISSING_PROTOTYPES = YES;
				GCC_WARN_ABOUT_RETURN_TYPE = YES;
				GCC_WARN_UNUSED_VARIABLE = YES;
				IPHONEOS_DEPLOYMENT_TARGET = 5.0;
				SDKROOT = iphoneos;
				TARGETED_DEVICE_FAMILY = "1,2";
				VALIDATE_PRODUCT = YES;
			};
			name = Debug;
		};
		CE8098B31477382A0067AAC2 /* Release */ = {
			isa = XCBuildConfiguration;
			buildSettings = {
				ALWAYS_SEARCH_USER_PATHS = NO;
				ARCHS = "$(ARCHS_STANDARD_32_BIT)";
				"CODE_SIGN_IDENTITY[sdk=iphoneos*]" = "iPhone Developer";
				COPY_PHASE_STRIP = YES;
				GCC_C_LANGUAGE_STANDARD = gnu99;
				GCC_VERSION = com.apple.compilers.llvm.clang.1_0;
				GCC_WARN_ABOUT_MISSING_PROTOTYPES = YES;
				GCC_WARN_ABOUT_RETURN_TYPE = YES;
				GCC_WARN_UNUSED_VARIABLE = YES;
				IPHONEOS_DEPLOYMENT_TARGET = 5.0;
				OTHER_CFLAGS = "-DNS_BLOCK_ASSERTIONS=1";
				SDKROOT = iphoneos;
				TARGETED_DEVICE_FAMILY = "1,2";
				VALIDATE_PRODUCT = YES;
			};
			name = Release;
		};
		CE8098B51477382A0067AAC2 /* Debug */ = {
			isa = XCBuildConfiguration;
			buildSettings = {
				GCC_PRECOMPILE_PREFIX_HEADER = YES;
				GCC_PREFIX_HEADER = "Places_09/Places_09-Prefix.pch";
				INFOPLIST_FILE = "Places_09/Places_09-Info.plist";
				IPHONEOS_DEPLOYMENT_TARGET = 5.0;
				PRODUCT_NAME = "$(TARGET_NAME)";
				WRAPPER_EXTENSION = app;
			};
			name = Debug;
		};
		CE8098B61477382A0067AAC2 /* Release */ = {
			isa = XCBuildConfiguration;
			buildSettings = {
				GCC_PRECOMPILE_PREFIX_HEADER = YES;
				GCC_PREFIX_HEADER = "Places_09/Places_09-Prefix.pch";
				INFOPLIST_FILE = "Places_09/Places_09-Info.plist";
				IPHONEOS_DEPLOYMENT_TARGET = 5.0;
				PRODUCT_NAME = "$(TARGET_NAME)";
				WRAPPER_EXTENSION = app;
			};
			name = Release;
		};
		CE8098B81477382A0067AAC2 /* Debug */ = {
			isa = XCBuildConfiguration;
			buildSettings = {
				FRAMEWORK_SEARCH_PATHS = (
					"$(SDKROOT)/Developer/Library/Frameworks",
					"$(DEVELOPER_LIBRARY_DIR)/Frameworks",
				);
				GCC_PRECOMPILE_PREFIX_HEADER = YES;
				GCC_PREFIX_HEADER = "Places_09/Places_09-Prefix.pch";
				HEADER_SEARCH_PATHS = "$(SRCROOT)/Libraries/**";
				INFOPLIST_FILE = "Places_09Tests/Places_09Tests-Info.plist";
				LIBRARY_SEARCH_PATHS = (
					"$(inherited)",
					"\"$(SRCROOT)/Libraries\"",
				);
				OTHER_LDFLAGS = (
					"-ObjC",
					"-force_load",
					"$(PROJECT_DIR)/Libraries/libOCMock.a",
				);
				PRODUCT_NAME = "$(TARGET_NAME)";
				WRAPPER_EXTENSION = octest;
			};
			name = Debug;
		};
		CE8098B91477382A0067AAC2 /* Release */ = {
			isa = XCBuildConfiguration;
			buildSettings = {
				FRAMEWORK_SEARCH_PATHS = (
					"$(SDKROOT)/Developer/Library/Frameworks",
					"$(DEVELOPER_LIBRARY_DIR)/Frameworks",
				);
				GCC_PRECOMPILE_PREFIX_HEADER = YES;
				GCC_PREFIX_HEADER = "Places_09/Places_09-Prefix.pch";
				HEADER_SEARCH_PATHS = "$(SRCROOT)/Libraries/**";
				INFOPLIST_FILE = "Places_09Tests/Places_09Tests-Info.plist";
				LIBRARY_SEARCH_PATHS = (
					"$(inherited)",
					"\"$(SRCROOT)/Libraries\"",
				);
				OTHER_LDFLAGS = (
					"-ObjC",
					"-force_load",
					"$(PROJECT_DIR)/Libraries/libOCMock.a",
				);
				PRODUCT_NAME = "$(TARGET_NAME)";
				WRAPPER_EXTENSION = octest;
			};
			name = Release;
		};
		CE80990414773EE60067AAC2 /* Debug */ = {
			isa = XCBuildConfiguration;
			buildSettings = {
				BUNDLE_LOADER = "$(BUILT_PRODUCTS_DIR)/Places_09.app/Places_09";
				FRAMEWORK_SEARCH_PATHS = (
					"$(SDKROOT)/Developer/Library/Frameworks",
					"$(DEVELOPER_LIBRARY_DIR)/Frameworks",
				);
				GCC_PRECOMPILE_PREFIX_HEADER = YES;
				GCC_PREFIX_HEADER = "Places_09ApplicationTests/Places_09ApplicationTests-Prefix.pch";
				HEADER_SEARCH_PATHS = "$(SRCROOT)/Libraries/**";
				INFOPLIST_FILE = "Places_09ApplicationTests/Places_09ApplicationTests-Info.plist";
				LIBRARY_SEARCH_PATHS = (
					"$(inherited)",
					"\"$(SRCROOT)/Libraries\"",
				);
				OTHER_LDFLAGS = (
					"-ObjC",
					"-force_load",
					"$(PROJECT_DIR)/Libraries/libOCMock.a",
				);
				PRODUCT_NAME = "$(TARGET_NAME)";
				TEST_HOST = "$(BUNDLE_LOADER)";
				WRAPPER_EXTENSION = octest;
			};
			name = Debug;
		};
		CE80990514773EE60067AAC2 /* Release */ = {
			isa = XCBuildConfiguration;
			buildSettings = {
				BUNDLE_LOADER = "$(BUILT_PRODUCTS_DIR)/Places_09.app/Places_09";
				FRAMEWORK_SEARCH_PATHS = (
					"$(SDKROOT)/Developer/Library/Frameworks",
					"$(DEVELOPER_LIBRARY_DIR)/Frameworks",
				);
				GCC_PRECOMPILE_PREFIX_HEADER = YES;
				GCC_PREFIX_HEADER = "Places_09ApplicationTests/Places_09ApplicationTests-Prefix.pch";
				HEADER_SEARCH_PATHS = "$(SRCROOT)/Libraries/**";
				INFOPLIST_FILE = "Places_09ApplicationTests/Places_09ApplicationTests-Info.plist";
				LIBRARY_SEARCH_PATHS = (
					"$(inherited)",
					"\"$(SRCROOT)/Libraries\"",
				);
				OTHER_LDFLAGS = (
					"-ObjC",
					"-force_load",
					"$(PROJECT_DIR)/Libraries/libOCMock.a",
				);
				PRODUCT_NAME = "$(TARGET_NAME)";
				TEST_HOST = "$(BUNDLE_LOADER)";
				WRAPPER_EXTENSION = octest;
			};
			name = Release;
		};
		CEF3ADE5149C4FC600D53424 /* Debug */ = {
			isa = XCBuildConfiguration;
			buildSettings = {
				FRAMEWORK_SEARCH_PATHS = (
					"$(inherited)",
					"\"$(DEVELOPER_FRAMEWORKS_DIR)\"",
				);
				GCC_PRECOMPILE_PREFIX_HEADER = YES;
				GCC_PREFIX_HEADER = "Places_09/Places_09-Prefix.pch";
				GCC_PREPROCESSOR_DEFINITIONS = RUN_KIF_TESTS;
				HEADER_SEARCH_PATHS = (
					"$(inherited)",
					"$(SRCROOT)/Frameworks/KIF/**",
				);
				INFOPLIST_FILE = "Places_09 copy-Info.plist";
				IPHONEOS_DEPLOYMENT_TARGET = 5.0;
				OTHER_LDFLAGS = (
					"$(inherited)",
					"-ObjC",
					"-all_load",
				);
				PRODUCT_NAME = "UI Test";
				WRAPPER_EXTENSION = app;
			};
			name = Debug;
		};
		CEF3ADE6149C4FC600D53424 /* Release */ = {
			isa = XCBuildConfiguration;
			buildSettings = {
				FRAMEWORK_SEARCH_PATHS = (
					"$(inherited)",
					"\"$(DEVELOPER_FRAMEWORKS_DIR)\"",
				);
				GCC_PRECOMPILE_PREFIX_HEADER = YES;
				GCC_PREFIX_HEADER = "Places_09/Places_09-Prefix.pch";
				GCC_PREPROCESSOR_DEFINITIONS = RUN_KIF_TESTS;
				HEADER_SEARCH_PATHS = (
					"$(inherited)",
					"$(SRCROOT)/Frameworks/KIF/**",
				);
				INFOPLIST_FILE = "Places_09 copy-Info.plist";
				IPHONEOS_DEPLOYMENT_TARGET = 5.0;
				OTHER_LDFLAGS = (
					"$(inherited)",
					"-ObjC",
					"-all_load",
				);
				PRODUCT_NAME = "UI Test";
				WRAPPER_EXTENSION = app;
			};
			name = Release;
		};
/* End XCBuildConfiguration section */

/* Begin XCConfigurationList section */
		CE809881147738290067AAC2 /* Build configuration list for PBXProject "Places_09" */ = {
			isa = XCConfigurationList;
			buildConfigurations = (
				CE8098B21477382A0067AAC2 /* Debug */,
				CE8098B31477382A0067AAC2 /* Release */,
			);
			defaultConfigurationIsVisible = 0;
			defaultConfigurationName = Release;
		};
		CE8098B41477382A0067AAC2 /* Build configuration list for PBXNativeTarget "Places_09" */ = {
			isa = XCConfigurationList;
			buildConfigurations = (
				CE8098B51477382A0067AAC2 /* Debug */,
				CE8098B61477382A0067AAC2 /* Release */,
			);
			defaultConfigurationIsVisible = 0;
			defaultConfigurationName = Release;
		};
		CE8098B71477382A0067AAC2 /* Build configuration list for PBXNativeTarget "Places_09Tests" */ = {
			isa = XCConfigurationList;
			buildConfigurations = (
				CE8098B81477382A0067AAC2 /* Debug */,
				CE8098B91477382A0067AAC2 /* Release */,
			);
			defaultConfigurationIsVisible = 0;
			defaultConfigurationName = Release;
		};
		CE80990314773EE60067AAC2 /* Build configuration list for PBXNativeTarget "Places_09ApplicationTests" */ = {
			isa = XCConfigurationList;
			buildConfigurations = (
				CE80990414773EE60067AAC2 /* Debug */,
				CE80990514773EE60067AAC2 /* Release */,
			);
			defaultConfigurationIsVisible = 0;
			defaultConfigurationName = Release;
		};
		CEF3ADE4149C4FC600D53424 /* Build configuration list for PBXNativeTarget "UI Test" */ = {
			isa = XCConfigurationList;
			buildConfigurations = (
				CEF3ADE5149C4FC600D53424 /* Debug */,
				CEF3ADE6149C4FC600D53424 /* Release */,
			);
			defaultConfigurationIsVisible = 0;
			defaultConfigurationName = Release;
		};
/* End XCConfigurationList section */
	};
	rootObject = CE80987E147738290067AAC2 /* Project object */;
}
